// !$*UTF8*$!
{
	archiveVersion = 1;
	classes = {
	};
	objectVersion = 46;
	objects = {

/* Begin PBXBuildFile section */
		4CA20B4F1C207E6B00DA57DA /* AppDelegate.swift in Sources */ = {isa = PBXBuildFile; fileRef = 4CA20B4E1C207E6B00DA57DA /* AppDelegate.swift */; };
		4CA20B511C207E6B00DA57DA /* Test.swift in Sources */ = {isa = PBXBuildFile; fileRef = 4CA20B501C207E6B00DA57DA /* Test.swift */; };
		4CA20B541C207E6B00DA57DA /* Main.storyboard in Resources */ = {isa = PBXBuildFile; fileRef = 4CA20B521C207E6B00DA57DA /* Main.storyboard */; };
		4CA20B561C207E6B00DA57DA /* Assets.xcassets in Resources */ = {isa = PBXBuildFile; fileRef = 4CA20B551C207E6B00DA57DA /* Assets.xcassets */; };
		4CA20B591C207E6B00DA57DA /* LaunchScreen.storyboard in Resources */ = {isa = PBXBuildFile; fileRef = 4CA20B571C207E6B00DA57DA /* LaunchScreen.storyboard */; };
		4CA20B611C207FED00DA57DA /* Timers.swift in Sources */ = {isa = PBXBuildFile; fileRef = 4CA20B601C207FED00DA57DA /* Timers.swift */; };
		4CA20B681C20A44200DA57DA /* Song.swift in Sources */ = {isa = PBXBuildFile; fileRef = 4CA20B671C20A44200DA57DA /* Song.swift */; };
		4CA20B6C1C20AADF00DA57DA /* happiness.mp3 in Resources */ = {isa = PBXBuildFile; fileRef = 4CA20B6B1C20AADF00DA57DA /* happiness.mp3 */; };
		4CA20B6E1C20CFCF00DA57DA /* sessionOver.m4a in Resources */ = {isa = PBXBuildFile; fileRef = 4CA20B6D1C20B42C00DA57DA /* sessionOver.m4a */; };
		4CA20B701C20D0A200DA57DA /* sessionOver.wav in Resources */ = {isa = PBXBuildFile; fileRef = 4CA20B6F1C20D0A200DA57DA /* sessionOver.wav */; };
/* End PBXBuildFile section */

/* Begin PBXFileReference section */
		4CA20B4B1C207E6B00DA57DA /* Testing Segmented Control.app */ = {isa = PBXFileReference; explicitFileType = wrapper.application; includeInIndex = 0; path = "Testing Segmented Control.app"; sourceTree = BUILT_PRODUCTS_DIR; };
		4CA20B4E1C207E6B00DA57DA /* AppDelegate.swift */ = {isa = PBXFileReference; lastKnownFileType = sourcecode.swift; path = AppDelegate.swift; sourceTree = "<group>"; };
		4CA20B501C207E6B00DA57DA /* Test.swift */ = {isa = PBXFileReference; lastKnownFileType = sourcecode.swift; path = Test.swift; sourceTree = "<group>"; };
		4CA20B531C207E6B00DA57DA /* Base */ = {isa = PBXFileReference; lastKnownFileType = file.storyboard; name = Base; path = Base.lproj/Main.storyboard; sourceTree = "<group>"; };
		4CA20B551C207E6B00DA57DA /* Assets.xcassets */ = {isa = PBXFileReference; lastKnownFileType = folder.assetcatalog; path = Assets.xcassets; sourceTree = "<group>"; };
		4CA20B581C207E6B00DA57DA /* Base */ = {isa = PBXFileReference; lastKnownFileType = file.storyboard; name = Base; path = Base.lproj/LaunchScreen.storyboard; sourceTree = "<group>"; };
		4CA20B5A1C207E6B00DA57DA /* Info.plist */ = {isa = PBXFileReference; lastKnownFileType = text.plist.xml; path = Info.plist; sourceTree = "<group>"; };
		4CA20B601C207FED00DA57DA /* Timers.swift */ = {isa = PBXFileReference; fileEncoding = 4; lastKnownFileType = sourcecode.swift; path = Timers.swift; sourceTree = "<group>"; };
		4CA20B671C20A44200DA57DA /* Song.swift */ = {isa = PBXFileReference; fileEncoding = 4; lastKnownFileType = sourcecode.swift; path = Song.swift; sourceTree = "<group>"; };
		4CA20B6B1C20AADF00DA57DA /* happiness.mp3 */ = {isa = PBXFileReference; lastKnownFileType = audio.mp3; path = happiness.mp3; sourceTree = "<group>"; };
		4CA20B6D1C20B42C00DA57DA /* sessionOver.m4a */ = {isa = PBXFileReference; lastKnownFileType = file; path = sessionOver.m4a; sourceTree = "<group>"; };
		4CA20B6F1C20D0A200DA57DA /* sessionOver.wav */ = {isa = PBXFileReference; lastKnownFileType = audio.wav; path = sessionOver.wav; sourceTree = "<group>"; };
/* End PBXFileReference section */

/* Begin PBXFrameworksBuildPhase section */
		4CA20B481C207E6B00DA57DA /* Frameworks */ = {
			isa = PBXFrameworksBuildPhase;
			buildActionMask = 2147483647;
			files = (
			);
			runOnlyForDeploymentPostprocessing = 0;
		};
/* End PBXFrameworksBuildPhase section */

/* Begin PBXGroup section */
		4CA20B421C207E6B00DA57DA = {
			isa = PBXGroup;
			children = (
				4CA20B4D1C207E6B00DA57DA /* Testing Segmented Control */,
				4CA20B4C1C207E6B00DA57DA /* Products */,
			);
			sourceTree = "<group>";
		};
		4CA20B4C1C207E6B00DA57DA /* Products */ = {
			isa = PBXGroup;
			children = (
				4CA20B4B1C207E6B00DA57DA /* Testing Segmented Control.app */,
			);
			name = Products;
			sourceTree = "<group>";
		};
		4CA20B4D1C207E6B00DA57DA /* Testing Segmented Control */ = {
			isa = PBXGroup;
			children = (
				4CA20B601C207FED00DA57DA /* Timers.swift */,
				4CA20B671C20A44200DA57DA /* Song.swift */,
				4CA20B501C207E6B00DA57DA /* Test.swift */,
				4CA20B521C207E6B00DA57DA /* Main.storyboard */,
				4CA20B6B1C20AADF00DA57DA /* happiness.mp3 */,
				4CA20B6D1C20B42C00DA57DA /* sessionOver.m4a */,
				4CA20B6F1C20D0A200DA57DA /* sessionOver.wav */,
				4CA20B621C20841B00DA57DA /* Extra */,
			);
			path = "Testing Segmented Control";
			sourceTree = "<group>";
		};
		4CA20B621C20841B00DA57DA /* Extra */ = {
			isa = PBXGroup;
			children = (
				4CA20B4E1C207E6B00DA57DA /* AppDelegate.swift */,
				4CA20B551C207E6B00DA57DA /* Assets.xcassets */,
				4CA20B571C207E6B00DA57DA /* LaunchScreen.storyboard */,
				4CA20B5A1C207E6B00DA57DA /* Info.plist */,
			);
			name = Extra;
			sourceTree = "<group>";
		};
/* End PBXGroup section */

/* Begin PBXNativeTarget section */
		4CA20B4A1C207E6B00DA57DA /* Testing Segmented Control */ = {
			isa = PBXNativeTarget;
			buildConfigurationList = 4CA20B5D1C207E6C00DA57DA /* Build configuration list for PBXNativeTarget "Testing Segmented Control" */;
			buildPhases = (
				4CA20B471C207E6B00DA57DA /* Sources */,
				4CA20B481C207E6B00DA57DA /* Frameworks */,
				4CA20B491C207E6B00DA57DA /* Resources */,
			);
			buildRules = (
			);
			dependencies = (
			);
			name = "Testing Segmented Control";
			productName = "Testing Segmented Control";
			productReference = 4CA20B4B1C207E6B00DA57DA /* Testing Segmented Control.app */;
			productType = "com.apple.product-type.application";
		};
/* End PBXNativeTarget section */

/* Begin PBXProject section */
		4CA20B431C207E6B00DA57DA /* Project object */ = {
			isa = PBXProject;
			attributes = {
				LastSwiftUpdateCheck = 0720;
				LastUpgradeCheck = 0720;
				ORGANIZATIONNAME = "The Iron Yard";
				TargetAttributes = {
					4CA20B4A1C207E6B00DA57DA = {
						CreatedOnToolsVersion = 7.2;
						DevelopmentTeam = 32355P55NQ;
					};
				};
			};
			buildConfigurationList = 4CA20B461C207E6B00DA57DA /* Build configuration list for PBXProject "Testing Segmented Control" */;
			compatibilityVersion = "Xcode 3.2";
			developmentRegion = English;
			hasScannedForEncodings = 0;
			knownRegions = (
				en,
				Base,
			);
			mainGroup = 4CA20B421C207E6B00DA57DA;
			productRefGroup = 4CA20B4C1C207E6B00DA57DA /* Products */;
			projectDirPath = "";
			projectRoot = "";
			targets = (
				4CA20B4A1C207E6B00DA57DA /* Testing Segmented Control */,
			);
		};
/* End PBXProject section */

/* Begin PBXResourcesBuildPhase section */
		4CA20B491C207E6B00DA57DA /* Resources */ = {
			isa = PBXResourcesBuildPhase;
			buildActionMask = 2147483647;
			files = (
				4CA20B6C1C20AADF00DA57DA /* happiness.mp3 in Resources */,
				4CA20B591C207E6B00DA57DA /* LaunchScreen.storyboard in Resources */,
				4CA20B561C207E6B00DA57DA /* Assets.xcassets in Resources */,
				4CA20B541C207E6B00DA57DA /* Main.storyboard in Resources */,
				4CA20B6E1C20CFCF00DA57DA /* sessionOver.m4a in Resources */,
				4CA20B701C20D0A200DA57DA /* sessionOver.wav in Resources */,
			);
			runOnlyForDeploymentPostprocessing = 0;
		};
/* End PBXResourcesBuildPhase section */

/* Begin PBXSourcesBuildPhase section */
		4CA20B471C207E6B00DA57DA /* Sources */ = {
			isa = PBXSourcesBuildPhase;
			buildActionMask = 2147483647;
			files = (
				4CA20B511C207E6B00DA57DA /* Test.swift in Sources */,
				4CA20B611C207FED00DA57DA /* Timers.swift in Sources */,
				4CA20B4F1C207E6B00DA57DA /* AppDelegate.swift in Sources */,
				4CA20B681C20A44200DA57DA /* Song.swift in Sources */,
			);
			runOnlyForDeploymentPostprocessing = 0;
		};
/* End PBXSourcesBuildPhase section */

/* Begin PBXVariantGroup section */
		4CA20B521C207E6B00DA57DA /* Main.storyboard */ = {
			isa = PBXVariantGroup;
			children = (
				4CA20B531C207E6B00DA57DA /* Base */,
			);
			name = Main.storyboard;
			sourceTree = "<group>";
		};
		4CA20B571C207E6B00DA57DA /* LaunchScreen.storyboard */ = {
			isa = PBXVariantGroup;
			children = (
				4CA20B581C207E6B00DA57DA /* Base */,
			);
			name = LaunchScreen.storyboard;
			sourceTree = "<group>";
		};
/* End PBXVariantGroup section */

/* Begin XCBuildConfiguration section */
		4CA20B5B1C207E6B00DA57DA /* Debug */ = {
			isa = XCBuildConfiguration;
			buildSettings = {
				ALWAYS_SEARCH_USER_PATHS = NO;
				CLANG_CXX_LANGUAGE_STANDARD = "gnu++0x";
				CLANG_CXX_LIBRARY = "libc++";
				CLANG_ENABLE_MODULES = YES;
				CLANG_ENABLE_OBJC_ARC = YES;
				CLANG_WARN_BOOL_CONVERSION = YES;
				CLANG_WARN_CONSTANT_CONVERSION = YES;
				CLANG_WARN_DIRECT_OBJC_ISA_USAGE = YES_ERROR;
				CLANG_WARN_EMPTY_BODY = YES;
				CLANG_WARN_ENUM_CONVERSION = YES;
				CLANG_WARN_INT_CONVERSION = YES;
				CLANG_WARN_OBJC_ROOT_CLASS = YES_ERROR;
				CLANG_WARN_UNREACHABLE_CODE = YES;
				CLANG_WARN__DUPLICATE_METHOD_MATCH = YES;
				"CODE_SIGN_IDENTITY[sdk=iphoneos*]" = "iPhone Developer";
				COPY_PHASE_STRIP = NO;
				DEBUG_INFORMATION_FORMAT = dwarf;
				ENABLE_STRICT_OBJC_MSGSEND = YES;
				ENABLE_TESTABILITY = YES;
				GCC_C_LANGUAGE_STANDARD = gnu99;
				GCC_DYNAMIC_NO_PIC = NO;
				GCC_NO_COMMON_BLOCKS = YES;
				GCC_OPTIMIZATION_LEVEL = 0;
				GCC_PREPROCESSOR_DEFINITIONS = (
					"DEBUG=1",
					"$(inherited)",
				);
				GCC_WARN_64_TO_32_BIT_CONVERSION = YES;
				GCC_WARN_ABOUT_RETURN_TYPE = YES_ERROR;
				GCC_WARN_UNDECLARED_SELECTOR = YES;
				GCC_WARN_UNINITIALIZED_AUTOS = YES_AGGRESSIVE;
				GCC_WARN_UNUSED_FUNCTION = YES;
				GCC_WARN_UNUSED_VARIABLE = YES;
				IPHONEOS_DEPLOYMENT_TARGET = 9.2;
				MTL_ENABLE_DEBUG_INFO = YES;
				ONLY_ACTIVE_ARCH = YES;
				SDKROOT = iphoneos;
				SWIFT_OPTIMIZATION_LEVEL = "-Onone";
			};
			name = Debug;
		};
		4CA20B5C1C207E6B00DA57DA /* Release */ = {
			isa = XCBuildConfiguration;
			buildSettings = {
				ALWAYS_SEARCH_USER_PATHS = NO;
				CLANG_CXX_LANGUAGE_STANDARD = "gnu++0x";
				CLANG_CXX_LIBRARY = "libc++";
				CLANG_ENABLE_MODULES = YES;
				CLANG_ENABLE_OBJC_ARC = YES;
				CLANG_WARN_BOOL_CONVERSION = YES;
				CLANG_WARN_CONSTANT_CONVERSION = YES;
				CLANG_WARN_DIRECT_OBJC_ISA_USAGE = YES_ERROR;
				CLANG_WARN_EMPTY_BODY = YES;
				CLANG_WARN_ENUM_CONVERSION = YES;
				CLANG_WARN_INT_CONVERSION = YES;
				CLANG_WARN_OBJC_ROOT_CLASS = YES_ERROR;
				CLANG_WARN_UNREACHABLE_CODE = YES;
				CLANG_WARN__DUPLICATE_METHOD_MATCH = YES;
				"CODE_SIGN_IDENTITY[sdk=iphoneos*]" = "iPhone Developer";
				COPY_PHASE_STRIP = NO;
				DEBUG_INFORMATION_FORMAT = "dwarf-with-dsym";
				ENABLE_NS_ASSERTIONS = NO;
				ENABLE_STRICT_OBJC_MSGSEND = YES;
				GCC_C_LANGUAGE_STANDARD = gnu99;
				GCC_NO_COMMON_BLOCKS = YES;
				GCC_WARN_64_TO_32_BIT_CONVERSION = YES;
				GCC_WARN_ABOUT_RETURN_TYPE = YES_ERROR;
				GCC_WARN_UNDECLARED_SELECTOR = YES;
				GCC_WARN_UNINITIALIZED_AUTOS = YES_AGGRESSIVE;
				GCC_WARN_UNUSED_FUNCTION = YES;
				GCC_WARN_UNUSED_VARIABLE = YES;
				IPHONEOS_DEPLOYMENT_TARGET = 9.2;
				MTL_ENABLE_DEBUG_INFO = NO;
				SDKROOT = iphoneos;
				VALIDATE_PRODUCT = YES;
			};
			name = Release;
		};
		4CA20B5E1C207E6C00DA57DA /* Debug */ = {
			isa = XCBuildConfiguration;
			buildSettings = {
				ASSETCATALOG_COMPILER_APPICON_NAME = AppIcon;
				INFOPLIST_FILE = "Testing Segmented Control/Info.plist";
				LD_RUNPATH_SEARCH_PATHS = "$(inherited) @executable_path/Frameworks";
				PRODUCT_BUNDLE_IDENTIFIER = "com.tiy.Testing-Segmented-Control";
				PRODUCT_NAME = "$(TARGET_NAME)";
			};
			name = Debug;
		};
		4CA20B5F1C207E6C00DA57DA /* Release */ = {
			isa = XCBuildConfiguration;
			buildSettings = {
				ASSETCATALOG_COMPILER_APPICON_NAME = AppIcon;
				INFOPLIST_FILE = "Testing Segmented Control/Info.plist";
				LD_RUNPATH_SEARCH_PATHS = "$(inherited) @executable_path/Frameworks";
				PRODUCT_BUNDLE_IDENTIFIER = "com.tiy.Testing-Segmented-Control";
				PRODUCT_NAME = "$(TARGET_NAME)";
			};
			name = Release;
		};
/* End XCBuildConfiguration section */

/* Begin XCConfigurationList section */
		4CA20B461C207E6B00DA57DA /* Build configuration list for PBXProject "Testing Segmented Control" */ = {
			isa = XCConfigurationList;
			buildConfigurations = (
				4CA20B5B1C207E6B00DA57DA /* Debug */,
				4CA20B5C1C207E6B00DA57DA /* Release */,
			);
			defaultConfigurationIsVisible = 0;
			defaultConfigurationName = Release;
		};
		4CA20B5D1C207E6C00DA57DA /* Build configuration list for PBXNativeTarget "Testing Segmented Control" */ = {
			isa = XCConfigurationList;
			buildConfigurations = (
				4CA20B5E1C207E6C00DA57DA /* Debug */,
				4CA20B5F1C207E6C00DA57DA /* Release */,
			);
			defaultConfigurationIsVisible = 0;
			defaultConfigurationName = Release;
		};
/* End XCConfigurationList section */
	};
	rootObject = 4CA20B431C207E6B00DA57DA /* Project object */;
}
